
Microsoft Visual Studio Solution File, Format Version 12.00
# Visual Studio Version 17
VisualStudioVersion = 17.14.36221.1 d17.14
MinimumVisualStudioVersion = 10.0.40219.1
Project("{FAE04EC0-301F-11D3-BF4B-00C04F79EFBC}") = "IC.CalorieControl", "IC.CalorieControl\IC.CalorieControl.csproj", "{205541AE-592B-4EDF-8EC5-C04AD29D8EB4}"
EndProject
Global
	GlobalSection(SolutionConfigurationPlatforms) = preSolution
		Debug|Any CPU = Debug|Any CPU
		Release|Any CPU = Release|Any CPU
	EndGlobalSection
	GlobalSection(ProjectConfigurationPlatforms) = postSolution
		{205541AE-592B-4EDF-8EC5-C04AD29D8EB4}.Debug|Any CPU.ActiveCfg = Debug|Any CPU
		{205541AE-592B-4EDF-8EC5-C04AD29D8EB4}.Debug|Any CPU.Build.0 = Debug|Any CPU
		{205541AE-592B-4EDF-8EC5-C04AD29D8EB4}.Release|Any CPU.ActiveCfg = Release|Any CPU
		{205541AE-592B-4EDF-8EC5-C04AD29D8EB4}.Release|Any CPU.Build.0 = Release|Any CPU
	EndGlobalSection
	GlobalSection(SolutionProperties) = preSolution
		HideSolutionNode = FALSE
	EndGlobalSection
	GlobalSection(ExtensibilityGlobals) = postSolution
		SolutionGuid = {DD8B7D07-5504-408A-8E44-B4A29CDE489F}
	EndGlobalSection
EndGlobal
